Microsoft Visual Studio Solution File, Format Version 11.00
# Visual Studio 2008

Project("{316FB7DB-2323-93CA-E768-06E4BF9377D6}") = "TowerDefenseAR", "Assembly-CSharp.csproj", "{525213BF-0FE7-5D67-3076-6076E112B8B8}"
EndProject
Project("{316FB7DB-2323-93CA-E768-06E4BF9377D6}") = "TowerDefenseAR", "Assembly-CSharp-Editor.csproj", "{1924FC52-1C74-FF3E-DC52-9BDADC066073}"
EndProject
Global
	GlobalSection(SolutionConfigurationPlatforms) = preSolution
		Debug|Any CPU = Debug|Any CPU
		Release|Any CPU = Release|Any CPU
	EndGlobalSection
	GlobalSection(ProjectConfigurationPlatforms) = postSolution
		{525213BF-0FE7-5D67-3076-6076E112B8B8}.Debug|Any CPU.ActiveCfg = Debug|Any CPU
		{525213BF-0FE7-5D67-3076-6076E112B8B8}.Debug|Any CPU.Build.0 = Debug|Any CPU
		{525213BF-0FE7-5D67-3076-6076E112B8B8}.Release|Any CPU.ActiveCfg = Release|Any CPU
		{525213BF-0FE7-5D67-3076-6076E112B8B8}.Release|Any CPU.Build.0 = Release|Any CPU
		{1924FC52-1C74-FF3E-DC52-9BDADC066073}.Debug|Any CPU.ActiveCfg = Debug|Any CPU
		{1924FC52-1C74-FF3E-DC52-9BDADC066073}.Debug|Any CPU.Build.0 = Debug|Any CPU
		{1924FC52-1C74-FF3E-DC52-9BDADC066073}.Release|Any CPU.ActiveCfg = Release|Any CPU
		{1924FC52-1C74-FF3E-DC52-9BDADC066073}.Release|Any CPU.Build.0 = Release|Any CPU
	EndGlobalSection
	GlobalSection(SolutionProperties) = preSolution
		HideSolutionNode = FALSE
	EndGlobalSection
	GlobalSection(MonoDevelopProperties) = preSolution
		StartupItem = Assembly-CSharp.csproj
	EndGlobalSection
EndGlobal
